
Microsoft Visual Studio Solution File, Format Version 12.00
Project("{FAE04EC0-301F-11D3-BF4B-00C04F79EFBC}") = "open-file-protocol-handler", "open-file-protocol-handler.csproj", "{CE1A0206-2E43-4979-A159-536842435AD3}"
EndProject
Global
	GlobalSection(SolutionConfigurationPlatforms) = preSolution
		Debug|Any CPU = Debug|Any CPU
		Release|Any CPU = Release|Any CPU
	EndGlobalSection
	GlobalSection(ProjectConfigurationPlatforms) = postSolution
		{CE1A0206-2E43-4979-A159-536842435AD3}.Debug|Any CPU.ActiveCfg = Debug|Any CPU
		{CE1A0206-2E43-4979-A159-536842435AD3}.Debug|Any CPU.Build.0 = Debug|Any CPU
		{CE1A0206-2E43-4979-A159-536842435AD3}.Release|Any CPU.ActiveCfg = Release|Any CPU
		{CE1A0206-2E43-4979-A159-536842435AD3}.Release|Any CPU.Build.0 = Release|Any CPU
	EndGlobalSection
EndGlobal
